dependencies:
  espressif/cmake_utilities:
    component_hash: 351350613ceafba240b761b4ea991e0f231ac7a9f59a9ee901f751bddc0bb18f
    dependencies:
    - name: idf
      require: private
      version: '>=4.1'
    source:
      registry_url: https://components.espressif.com
      type: service
    version: 0.5.3
  espressif/eppp_link:
    component_hash: 04f7f31868b8ae6014c96132740a192d09611a6e46aaa7038c865ffc7e26b38f
    dependencies:
    - name: espressif/esp_serial_slave_link
      registry_url: https://components.espressif.com
      require: private
      version: ^1.1.0
    - name: idf
      require: private
      version: '>=5.2'
    source:
      registry_url: https://components.espressif.com
      type: service
    version: 1.1.5
  espressif/esp_cam_sensor:
    component_hash: 7b110b08542aeae833895dacd74425e926dd36eed68ae1a26f2b6109e04ea984
    dependencies:
    - name: espressif/cmake_utilities
      registry_url: https://components.espressif.com
      require: private
      version: 0.*
    - name: espressif/esp_sccb_intf
      registry_url: https://components.espressif.com
      require: private
      version: '>=0.0.2'
    - name: idf
      require: private
      version: '>=5.3'
    source:
      registry_url: https://components.espressif.com
      type: service
    targets:
    - esp32p4
    version: 0.9.0
  espressif/esp_codec_dev:
    component_hash: 9293329ccb361f67c6e847ab8f693b2d9158b2e438eff583c28558c29cdf3dca
    dependencies:
    - name: idf
      require: private
      version: '>=4.0'
    source:
      registry_url: https://components.espressif.com/
      type: service
    version: 1.5.9
  espressif/esp_h264:
    component_hash: 93082ac74c05575d4e38ddc0839ca3e8685b414932c796d35850a3270cc5a015
    dependencies:
    - name: idf
      require: private
      version: '>=4.4'
    source:
      registry_url: https://components.espressif.com
      type: service
    targets:
    - esp32s3
    - esp32p4
    version: 1.3.5
  espressif/esp_hosted:
    component_hash: d1f01fbe9b7ee867e1c330754fe46cb550375e27edf2159e9b670f29bd36b682
    dependencies:
    - name: idf
      require: private
      version: '>=5.3'
    source:
      registry_url: https://components.espressif.com/
      type: service
    version: 2.12.6
  espressif/esp_ipa:
    component_hash: 7547b050a99351a85aaba8ba38211c36fd4769c2ae3e570fa330dc90dfd2704c
    dependencies:
    - name: espressif/cmake_utilities
      registry_url: https://components.espressif.com
      require: private
      version: 0.*
    - name: idf
      require: private
      version: '>=5.4'
    source:
      registry_url: https://components.espressif.com
      type: service
    targets:
    - esp32p4
    version: 0.2.0
  espressif/esp_lcd_st7701:
    component_hash: 3fb061112bfe5402dcf5e09ff7e7f5b09a96b9a3fdd81c59d69996626b4dbc2f
    dependencies:
    - name: espressif/cmake_utilities
      registry_url: https://components.espressif.com
      require: private
      version: 0.*
    - name: idf
      require: private
      version: '>=5.4'
    source:
      registry_url: https://components.espressif.com/
      type: service
    targets:
    - esp32s3
    - esp32p4
    version: 2.0.2
  espressif/esp_sccb_intf:
    component_hash: c071b189e49f40940722aea01a5489f873385cc39cd5b14012341135b85d1a9d
    dependencies:
    - name: idf
      require: private
      version: '>=5.3'
    source:
      registry_url: https://components.espressif.com
      type: service
    version: 0.0.8
  espressif/esp_serial_slave_link:
    component_hash: ac1776806de0a6e371c84e87898bb983e19ce62aa7f1e2e5c4a3b0234a575d2c
    dependencies:
    - name: idf
      require: private
      version: '>=5.0'
    source:
      registry_url: https://components.espressif.com
      type: service
    version: 1.1.2
  espressif/esp_video:
    component_hash: 37f7a3b16aa842e612180d5a4698db1c3bc36142a0b78664eb4ffe67c8cd0510
    dependencies:
    - name: espressif/cmake_utilities
      registry_url: https://components.espressif.com
      require: private
      version: 0.*
    - name: espressif/esp_cam_sensor
      registry_url: https://components.espressif.com
      require: private
      version: 0.9.*
    - name: espressif/esp_h264
      registry_url: https://components.espressif.com
      require: private
      version: '>=1.0.3'
    - name: espressif/esp_ipa
      registry_url: https://components.espressif.com
      require: private
      version: 0.2.*
    - name: idf
      require: private
      version: '>=5.4'
    source:
      registry_url: https://components.espressif.com/
      type: service
    targets:
    - esp32p4
    version: 0.8.0~3
  espressif/esp_wifi_remote:
    component_hash: 4ad3e3ec9ce7d26fde1ccd2b550b88952cc96ac089a06e0247f69d005cc31e1f
    dependencies:
    - name: espressif/esp_hosted
      registry_url: https://components.espressif.com
      require: private
      rules:
      - if: target in [esp32h2, esp32p4]
      version: '>=2.11'
    - name: espressif/wifi_remote_over_eppp
      registry_url: https://components.espressif.com
      require: private
      version: '>=0.1'
    - name: idf
      require: private
      version: '>=5.3'
    source:
      registry_url: https://components.espressif.com/
      type: service
    version: 1.5.1
  espressif/wifi_remote_over_eppp:
    component_hash: 06d8bc15348bbd21f1390daace36ed5adcf6026c93c5b69decc55fa04df2711a
    dependencies:
    - name: idf
      require: private
      version: '>=5.3'
    - name: espressif/eppp_link
      registry_url: https://components.espressif.com
      require: private
      version: '>=0.1'
    source:
      registry_url: https://components.espressif.com
      type: service
    version: 0.3.2
  idf:
    source:
      type: idf
    version: 5.5.2
  lvgl/lvgl:
    component_hash: 096c69af22eaf8a2b721e3913da91918c5e6bf1a762a113ec01f401aa61337a0
    dependencies: []
    source:
      registry_url: https://components.espressif.com/
      type: service
    version: 9.2.2
direct_dependencies:
- espressif/esp_codec_dev
- espressif/esp_hosted
- espressif/esp_lcd_st7701
- espressif/esp_video
- espressif/esp_wifi_remote
- idf
- lvgl/lvgl
manifest_hash: 1b0b77533894f283e451e2b29d8623d79db58f90b802338025a803b9ccf87922
target: esp32p4
version: 2.0.0
